// !$*UTF8*$!
{
	archiveVersion = 1;
	classes = {
	};
	objectVersion = 70;
	objects = {

/* Begin PBXBuildFile section */
		6EC4249A2E7641300019E394 /* MessageComposer.swift in Sources */ = {isa = PBXBuildFile; fileRef = 6EC424962E7641300019E394 /* MessageComposer.swift */; };
		6EC4249B2E7641300019E394 /* AppGroupBridge.swift in Sources */ = {isa = PBXBuildFile; fileRef = 6EC424982E7641300019E394 /* AppGroupBridge.swift */; };
		6EC424A42E7641F10019E394 /* ManagedSettingsUI.framework in Frameworks */ = {isa = PBXBuildFile; fileRef = 6EC424A32E7641F10019E394 /* ManagedSettingsUI.framework */; };
		6EC424AC2E7641F10019E394 /* PokeDaddyShieldConfiguration.appex in Embed Foundation Extensions */ = {isa = PBXBuildFile; fileRef = 6EC424A02E7641F10019E394 /* PokeDaddyShieldConfiguration.appex */; settings = {ATTRIBUTES = (RemoveHeadersOnCopy, ); }; };
		6EC424B72E7642270019E394 /* ManagedSettings.framework in Frameworks */ = {isa = PBXBuildFile; fileRef = 6EC424A12E7641F10019E394 /* ManagedSettings.framework */; };
		6EC424BF2E7642270019E394 /* PokeDaddyShieldAction.appex in Embed Foundation Extensions */ = {isa = PBXBuildFile; fileRef = 6EC424B62E7642260019E394 /* PokeDaddyShieldAction.appex */; settings = {ATTRIBUTES = (RemoveHeadersOnCopy, ); }; };
		6EC424CC2E764BFD0019E394 /* AppGroupBridge.swift in Sources */ = {isa = PBXBuildFile; fileRef = 6EC424982E7641300019E394 /* AppGroupBridge.swift */; };
		6EC424CD2E764BFD0019E394 /* AppGroupBridge.swift in Sources */ = {isa = PBXBuildFile; fileRef = 6EC424982E7641300019E394 /* AppGroupBridge.swift */; };
		F51C38D22C775953003B4EB3 /* CoreNFC.framework in Frameworks */ = {isa = PBXBuildFile; fileRef = F51C38D02C77594E003B4EB3 /* CoreNFC.framework */; };
		F51C38D72C775CAF003B4EB3 /* AppBlocker.swift in Sources */ = {isa = PBXBuildFile; fileRef = F51C38D62C775CAF003B4EB3 /* AppBlocker.swift */; };
		F51C38D92C775CEC003B4EB3 /* NfcReader.swift in Sources */ = {isa = PBXBuildFile; fileRef = F51C38D82C775CEC003B4EB3 /* NfcReader.swift */; };
		F51C38DB2C775D0B003B4EB3 /* PokeDaddyView.swift in Sources */ = {isa = PBXBuildFile; fileRef = F51C38DA2C775D0B003B4EB3 /* PokeDaddyView.swift */; };
		F51C38E12C77DADA003B4EB3 /* ProfileManager.swift in Sources */ = {isa = PBXBuildFile; fileRef = F51C38E02C77DADA003B4EB3 /* ProfileManager.swift */; };
		F51C38E42C77E847003B4EB3 /* SFSymbolsPicker in Frameworks */ = {isa = PBXBuildFile; productRef = F51C38E32C77E847003B4EB3 /* SFSymbolsPicker */; };
		F51C38E82C78ADB5003B4EB3 /* ProfilePicker.swift in Sources */ = {isa = PBXBuildFile; fileRef = F51C38E72C78ADB5003B4EB3 /* ProfilePicker.swift */; };
		F51C38EA2C78B47A003B4EB3 /* ProfileFormView.swift in Sources */ = {isa = PBXBuildFile; fileRef = F51C38E92C78B47A003B4EB3 /* ProfileFormView.swift */; };
		F5A3B05F2C733E3400BD6C7F /* PokeDaddyApp.swift in Sources */ = {isa = PBXBuildFile; fileRef = F5A3B05E2C733E3400BD6C7F /* PokeDaddyApp.swift */; };
		F5A3B0632C733E3500BD6C7F /* Assets.xcassets in Resources */ = {isa = PBXBuildFile; fileRef = F5A3B0622C733E3500BD6C7F /* Assets.xcassets */; };
		F5A3B0662C733E3500BD6C7F /* Preview Assets.xcassets in Resources */ = {isa = PBXBuildFile; fileRef = F5A3B0652C733E3500BD6C7F /* Preview Assets.xcassets */; };
		F5A3B0AA2C94E3400BD6C7F /* AuthenticationManager.swift in Sources */ = {isa = PBXBuildFile; fileRef = F5A3B0A92C94E3400BD6C7F /* AuthenticationManager.swift */; };
		F5A3B0AC2C94E3500BD6C7F /* LoginView.swift in Sources */ = {isa = PBXBuildFile; fileRef = F5A3B0AB2C94E3500BD6C7F /* LoginView.swift */; };
		F5A3B0AE2C94E3600BD6C7F /* APIService.swift in Sources */ = {isa = PBXBuildFile; fileRef = F5A3B0AD2C94E3600BD6C7F /* APIService.swift */; };
/* End PBXBuildFile section */

/* Begin PBXContainerItemProxy section */
		6EC424AA2E7641F10019E394 /* PBXContainerItemProxy */ = {
			isa = PBXContainerItemProxy;
			containerPortal = F5A3B0532C733E3400BD6C7F /* Project object */;
			proxyType = 1;
			remoteGlobalIDString = 6EC4249F2E7641F10019E394;
			remoteInfo = PokeDaddyShieldConfiguration;
		};
		6EC424BD2E7642270019E394 /* PBXContainerItemProxy */ = {
			isa = PBXContainerItemProxy;
			containerPortal = F5A3B0532C733E3400BD6C7F /* Project object */;
			proxyType = 1;
			remoteGlobalIDString = 6EC424B52E7642260019E394;
			remoteInfo = PokeDaddyShieldAction;
		};
/* End PBXContainerItemProxy section */

/* Begin PBXCopyFilesBuildPhase section */
		6EC424B12E7641F10019E394 /* Embed Foundation Extensions */ = {
			isa = PBXCopyFilesBuildPhase;
			buildActionMask = 2147483647;
			dstPath = "";
			dstSubfolderSpec = 13;
			files = (
				6EC424AC2E7641F10019E394 /* PokeDaddyShieldConfiguration.appex in Embed Foundation Extensions */,
				6EC424BF2E7642270019E394 /* PokeDaddyShieldAction.appex in Embed Foundation Extensions */,
			);
			name = "Embed Foundation Extensions";
			runOnlyForDeploymentPostprocessing = 0;
		};
/* End PBXCopyFilesBuildPhase section */

/* Begin PBXFileReference section */
		6EC424962E7641300019E394 /* MessageComposer.swift */ = {isa = PBXFileReference; lastKnownFileType = sourcecode.swift; path = MessageComposer.swift; sourceTree = "<group>"; };
		6EC424982E7641300019E394 /* AppGroupBridge.swift */ = {isa = PBXFileReference; lastKnownFileType = sourcecode.swift; path = AppGroupBridge.swift; sourceTree = "<group>"; };
		6EC424A02E7641F10019E394 /* PokeDaddyShieldConfiguration.appex */ = {isa = PBXFileReference; explicitFileType = "wrapper.app-extension"; includeInIndex = 0; path = PokeDaddyShieldConfiguration.appex; sourceTree = BUILT_PRODUCTS_DIR; };
		6EC424A12E7641F10019E394 /* ManagedSettings.framework */ = {isa = PBXFileReference; lastKnownFileType = wrapper.framework; name = ManagedSettings.framework; path = System/Library/Frameworks/ManagedSettings.framework; sourceTree = SDKROOT; };
		6EC424A32E7641F10019E394 /* ManagedSettingsUI.framework */ = {isa = PBXFileReference; lastKnownFileType = wrapper.framework; name = ManagedSettingsUI.framework; path = System/Library/Frameworks/ManagedSettingsUI.framework; sourceTree = SDKROOT; };
		6EC424B62E7642260019E394 /* PokeDaddyShieldAction.appex */ = {isa = PBXFileReference; explicitFileType = "wrapper.app-extension"; includeInIndex = 0; path = PokeDaddyShieldAction.appex; sourceTree = BUILT_PRODUCTS_DIR; };
		F51C38D02C77594E003B4EB3 /* CoreNFC.framework */ = {isa = PBXFileReference; lastKnownFileType = wrapper.framework; name = CoreNFC.framework; path = System/Library/Frameworks/CoreNFC.framework; sourceTree = SDKROOT; };
		F51C38D52C775AAF003B4EB3 /* Info.plist */ = {isa = PBXFileReference; lastKnownFileType = text.plist; path = Info.plist; sourceTree = "<group>"; };
		F51C38D62C775CAF003B4EB3 /* AppBlocker.swift */ = {isa = PBXFileReference; lastKnownFileType = sourcecode.swift; path = AppBlocker.swift; sourceTree = "<group>"; };
		F51C38D82C775CEC003B4EB3 /* NfcReader.swift */ = {isa = PBXFileReference; lastKnownFileType = sourcecode.swift; path = NfcReader.swift; sourceTree = "<group>"; };
		F51C38DA2C775D0B003B4EB3 /* PokeDaddyView.swift */ = {isa = PBXFileReference; lastKnownFileType = sourcecode.swift; path = PokeDaddyView.swift; sourceTree = "<group>"; };
		F51C38E02C77DADA003B4EB3 /* ProfileManager.swift */ = {isa = PBXFileReference; lastKnownFileType = sourcecode.swift; path = ProfileManager.swift; sourceTree = "<group>"; };
		F51C38E72C78ADB5003B4EB3 /* ProfilePicker.swift */ = {isa = PBXFileReference; lastKnownFileType = sourcecode.swift; path = ProfilePicker.swift; sourceTree = "<group>"; };
		F51C38E92C78B47A003B4EB3 /* ProfileFormView.swift */ = {isa = PBXFileReference; lastKnownFileType = sourcecode.swift; path = ProfileFormView.swift; sourceTree = "<group>"; };
		F5A3B05B2C733E3400BD6C7F /* PokeDaddy.app */ = {isa = PBXFileReference; explicitFileType = wrapper.application; includeInIndex = 0; path = PokeDaddy.app; sourceTree = BUILT_PRODUCTS_DIR; };
		F5A3B05E2C733E3400BD6C7F /* PokeDaddyApp.swift */ = {isa = PBXFileReference; lastKnownFileType = sourcecode.swift; path = PokeDaddyApp.swift; sourceTree = "<group>"; };
		F5A3B0622C733E3500BD6C7F /* Assets.xcassets */ = {isa = PBXFileReference; lastKnownFileType = folder.assetcatalog; path = Assets.xcassets; sourceTree = "<group>"; };
		F5A3B0652C733E3500BD6C7F /* Preview Assets.xcassets */ = {isa = PBXFileReference; lastKnownFileType = folder.assetcatalog; path = "Preview Assets.xcassets"; sourceTree = "<group>"; };
		F5A3B06C2C733EA200BD6C7F /* PokeDaddy.entitlements */ = {isa = PBXFileReference; lastKnownFileType = text.plist.entitlements; path = PokeDaddy.entitlements; sourceTree = "<group>"; };
		F5A3B0A92C94E3400BD6C7F /* AuthenticationManager.swift */ = {isa = PBXFileReference; lastKnownFileType = sourcecode.swift; path = AuthenticationManager.swift; sourceTree = "<group>"; };
		F5A3B0AB2C94E3500BD6C7F /* LoginView.swift */ = {isa = PBXFileReference; lastKnownFileType = sourcecode.swift; path = LoginView.swift; sourceTree = "<group>"; };
		F5A3B0AD2C94E3600BD6C7F /* APIService.swift */ = {isa = PBXFileReference; lastKnownFileType = sourcecode.swift; path = APIService.swift; sourceTree = "<group>"; };
/* End PBXFileReference section */

/* Begin PBXFileSystemSynchronizedBuildFileExceptionSet section */
		6EC424D02E764F7F0019E394 /* PBXFileSystemSynchronizedBuildFileExceptionSet */ = {
			isa = PBXFileSystemSynchronizedBuildFileExceptionSet;
			membershipExceptions = (
				Info.plist,
			);
			target = 6EC424B52E7642260019E394 /* PokeDaddyShieldAction */;
		};
		6EC424D12E764F820019E394 /* PBXFileSystemSynchronizedBuildFileExceptionSet */ = {
			isa = PBXFileSystemSynchronizedBuildFileExceptionSet;
			membershipExceptions = (
				Info.plist,
			);
			target = 6EC4249F2E7641F10019E394 /* PokeDaddyShieldConfiguration */;
		};
/* End PBXFileSystemSynchronizedBuildFileExceptionSet section */

/* Begin PBXFileSystemSynchronizedRootGroup section */
		6EC424A52E7641F10019E394 /* PokeDaddyShieldConfiguration */ = {isa = PBXFileSystemSynchronizedRootGroup; exceptions = (6EC424D12E764F820019E394 /* PBXFileSystemSynchronizedBuildFileExceptionSet */, ); explicitFileTypes = {}; explicitFolders = (); path = PokeDaddyShieldConfiguration; sourceTree = "<group>"; };
		6EC424B82E7642270019E394 /* PokeDaddyShieldAction */ = {isa = PBXFileSystemSynchronizedRootGroup; exceptions = (6EC424D02E764F7F0019E394 /* PBXFileSystemSynchronizedBuildFileExceptionSet */, ); explicitFileTypes = {}; explicitFolders = (); path = PokeDaddyShieldAction; sourceTree = "<group>"; };
/* End PBXFileSystemSynchronizedRootGroup section */

/* Begin PBXFrameworksBuildPhase section */
		6EC4249D2E7641F10019E394 /* Frameworks */ = {
			isa = PBXFrameworksBuildPhase;
			buildActionMask = 2147483647;
			files = (
				6EC424A42E7641F10019E394 /* ManagedSettingsUI.framework in Frameworks */,
			);
			runOnlyForDeploymentPostprocessing = 0;
		};
		6EC424B32E7642260019E394 /* Frameworks */ = {
			isa = PBXFrameworksBuildPhase;
			buildActionMask = 2147483647;
			files = (
				6EC424B72E7642270019E394 /* ManagedSettings.framework in Frameworks */,
			);
			runOnlyForDeploymentPostprocessing = 0;
		};
		F5A3B0582C733E3400BD6C7F /* Frameworks */ = {
			isa = PBXFrameworksBuildPhase;
			buildActionMask = 2147483647;
			files = (
				F51C38D22C775953003B4EB3 /* CoreNFC.framework in Frameworks */,
				F51C38E42C77E847003B4EB3 /* SFSymbolsPicker in Frameworks */,
			);
			runOnlyForDeploymentPostprocessing = 0;
		};
/* End PBXFrameworksBuildPhase section */

/* Begin PBXGroup section */
		6EC424972E7641300019E394 /* Messaging */ = {
			isa = PBXGroup;
			children = (
				6EC424962E7641300019E394 /* MessageComposer.swift */,
			);
			path = Messaging;
			sourceTree = "<group>";
		};
		6EC424992E7641300019E394 /* Shared */ = {
			isa = PBXGroup;
			children = (
				6EC424982E7641300019E394 /* AppGroupBridge.swift */,
			);
			path = Shared;
			sourceTree = "<group>";
		};
		F51C38CF2C77594E003B4EB3 /* Frameworks */ = {
			isa = PBXGroup;
			children = (
				F51C38D02C77594E003B4EB3 /* CoreNFC.framework */,
				6EC424A12E7641F10019E394 /* ManagedSettings.framework */,
				6EC424A32E7641F10019E394 /* ManagedSettingsUI.framework */,
			);
			name = Frameworks;
			sourceTree = "<group>";
		};
		F5A3B0522C733E3400BD6C7F = {
			isa = PBXGroup;
			children = (
				6EC424972E7641300019E394 /* Messaging */,
				6EC424992E7641300019E394 /* Shared */,
				F5A3B05D2C733E3400BD6C7F /* PokeDaddy */,
				6EC424A52E7641F10019E394 /* PokeDaddyShieldConfiguration */,
				6EC424B82E7642270019E394 /* PokeDaddyShieldAction */,
				F5A3B05C2C733E3400BD6C7F /* Products */,
				F51C38CF2C77594E003B4EB3 /* Frameworks */,
			);
			sourceTree = "<group>";
		};
		F5A3B05C2C733E3400BD6C7F /* Products */ = {
			isa = PBXGroup;
			children = (
				F5A3B05B2C733E3400BD6C7F /* PokeDaddy.app */,
				6EC424A02E7641F10019E394 /* PokeDaddyShieldConfiguration.appex */,
				6EC424B62E7642260019E394 /* PokeDaddyShieldAction.appex */,
			);
			name = Products;
			sourceTree = "<group>";
		};
		F5A3B05D2C733E3400BD6C7F /* PokeDaddy */ = {
			isa = PBXGroup;
			children = (
				F51C38D52C775AAF003B4EB3 /* Info.plist */,
				F5A3B06C2C733EA200BD6C7F /* PokeDaddy.entitlements */,
				F51C38E02C77DADA003B4EB3 /* ProfileManager.swift */,
				F51C38E72C78ADB5003B4EB3 /* ProfilePicker.swift */,
				F5A3B05E2C733E3400BD6C7F /* PokeDaddyApp.swift */,
				F51C38DA2C775D0B003B4EB3 /* PokeDaddyView.swift */,
				F51C38D82C775CEC003B4EB3 /* NfcReader.swift */,
				F51C38D62C775CAF003B4EB3 /* AppBlocker.swift */,
				F5A3B0622C733E3500BD6C7F /* Assets.xcassets */,
				F5A3B0642C733E3500BD6C7F /* Preview Content */,
				F51C38E92C78B47A003B4EB3 /* ProfileFormView.swift */,
				F5A3B0A92C94E3400BD6C7F /* AuthenticationManager.swift */,
				F5A3B0AB2C94E3500BD6C7F /* LoginView.swift */,
				F5A3B0AD2C94E3600BD6C7F /* APIService.swift */,
			);
			path = PokeDaddy;
			sourceTree = "<group>";
		};
		F5A3B0642C733E3500BD6C7F /* Preview Content */ = {
			isa = PBXGroup;
			children = (
				F5A3B0652C733E3500BD6C7F /* Preview Assets.xcassets */,
			);
			path = "Preview Content";
			sourceTree = "<group>";
		};
/* End PBXGroup section */

/* Begin PBXNativeTarget section */
		6EC4249F2E7641F10019E394 /* PokeDaddyShieldConfiguration */ = {
			isa = PBXNativeTarget;
			buildConfigurationList = 6EC424AE2E7641F10019E394 /* Build configuration list for PBXNativeTarget "PokeDaddyShieldConfiguration" */;
			buildPhases = (
				6EC4249C2E7641F10019E394 /* Sources */,
				6EC4249D2E7641F10019E394 /* Frameworks */,
				6EC4249E2E7641F10019E394 /* Resources */,
			);
			buildRules = (
			);
			dependencies = (
			);
			fileSystemSynchronizedGroups = (
				6EC424A52E7641F10019E394 /* PokeDaddyShieldConfiguration */,
			);
			name = PokeDaddyShieldConfiguration;
			packageProductDependencies = (
			);
			productName = PokeDaddyShieldConfiguration;
			productReference = 6EC424A02E7641F10019E394 /* PokeDaddyShieldConfiguration.appex */;
			productType = "com.apple.product-type.app-extension";
		};
		6EC424B52E7642260019E394 /* PokeDaddyShieldAction */ = {
			isa = PBXNativeTarget;
			buildConfigurationList = 6EC424C12E7642270019E394 /* Build configuration list for PBXNativeTarget "PokeDaddyShieldAction" */;
			buildPhases = (
				6EC424B22E7642260019E394 /* Sources */,
				6EC424B32E7642260019E394 /* Frameworks */,
				6EC424B42E7642260019E394 /* Resources */,
			);
			buildRules = (
			);
			dependencies = (
			);
			fileSystemSynchronizedGroups = (
				6EC424B82E7642270019E394 /* PokeDaddyShieldAction */,
			);
			name = PokeDaddyShieldAction;
			packageProductDependencies = (
			);
			productName = PokeDaddyShieldAction;
			productReference = 6EC424B62E7642260019E394 /* PokeDaddyShieldAction.appex */;
			productType = "com.apple.product-type.app-extension";
		};
		F5A3B05A2C733E3400BD6C7F /* PokeDaddy */ = {
			isa = PBXNativeTarget;
			buildConfigurationList = F5A3B0692C733E3500BD6C7F /* Build configuration list for PBXNativeTarget "PokeDaddy" */;
			buildPhases = (
				F5A3B0572C733E3400BD6C7F /* Sources */,
				F5A3B0582C733E3400BD6C7F /* Frameworks */,
				F5A3B0592C733E3400BD6C7F /* Resources */,
				6EC424B12E7641F10019E394 /* Embed Foundation Extensions */,
			);
			buildRules = (
			);
			dependencies = (
				6EC424AB2E7641F10019E394 /* PBXTargetDependency */,
				6EC424BE2E7642270019E394 /* PBXTargetDependency */,
			);
			name = PokeDaddy;
			packageProductDependencies = (
				F51C38E32C77E847003B4EB3 /* SFSymbolsPicker */,
			);
			productName = PokeDaddy;
			productReference = F5A3B05B2C733E3400BD6C7F /* PokeDaddy.app */;
			productType = "com.apple.product-type.application";
		};
/* End PBXNativeTarget section */

/* Begin PBXProject section */
		F5A3B0532C733E3400BD6C7F /* Project object */ = {
			isa = PBXProject;
			attributes = {
				BuildIndependentTargetsInParallel = 1;
				LastSwiftUpdateCheck = 1640;
				LastUpgradeCheck = 1640;
				TargetAttributes = {
					6EC4249F2E7641F10019E394 = {
						CreatedOnToolsVersion = 16.4;
					};
					6EC424B52E7642260019E394 = {
						CreatedOnToolsVersion = 16.4;
					};
					F5A3B05A2C733E3400BD6C7F = {
						CreatedOnToolsVersion = 14.3.1;
					};
				};
			};
			buildConfigurationList = F5A3B0562C733E3400BD6C7F /* Build configuration list for PBXProject "PokeDaddy" */;
			compatibilityVersion = "Xcode 14.0";
			developmentRegion = en;
			hasScannedForEncodings = 0;
			knownRegions = (
				en,
				Base,
			);
			mainGroup = F5A3B0522C733E3400BD6C7F;
			packageReferences = (
				F51C38E22C77E847003B4EB3 /* XCRemoteSwiftPackageReference "SFSymbolsPicker" */,
			);
			productRefGroup = F5A3B05C2C733E3400BD6C7F /* Products */;
			projectDirPath = "";
			projectRoot = "";
			targets = (
				F5A3B05A2C733E3400BD6C7F /* PokeDaddy */,
				6EC4249F2E7641F10019E394 /* PokeDaddyShieldConfiguration */,
				6EC424B52E7642260019E394 /* PokeDaddyShieldAction */,
			);
		};
/* End PBXProject section */

/* Begin PBXResourcesBuildPhase section */
		6EC4249E2E7641F10019E394 /* Resources */ = {
			isa = PBXResourcesBuildPhase;
			buildActionMask = 2147483647;
			files = (
			);
			runOnlyForDeploymentPostprocessing = 0;
		};
		6EC424B42E7642260019E394 /* Resources */ = {
			isa = PBXResourcesBuildPhase;
			buildActionMask = 2147483647;
			files = (
			);
			runOnlyForDeploymentPostprocessing = 0;
		};
		F5A3B0592C733E3400BD6C7F /* Resources */ = {
			isa = PBXResourcesBuildPhase;
			buildActionMask = 2147483647;
			files = (
				F5A3B0662C733E3500BD6C7F /* Preview Assets.xcassets in Resources */,
				F5A3B0632C733E3500BD6C7F /* Assets.xcassets in Resources */,
			);
			runOnlyForDeploymentPostprocessing = 0;
		};
/* End PBXResourcesBuildPhase section */

/* Begin PBXSourcesBuildPhase section */
		6EC4249C2E7641F10019E394 /* Sources */ = {
			isa = PBXSourcesBuildPhase;
			buildActionMask = 2147483647;
			files = (
				6EC424CC2E764BFD0019E394 /* AppGroupBridge.swift in Sources */,
			);
			runOnlyForDeploymentPostprocessing = 0;
		};
		6EC424B22E7642260019E394 /* Sources */ = {
			isa = PBXSourcesBuildPhase;
			buildActionMask = 2147483647;
			files = (
				6EC424CD2E764BFD0019E394 /* AppGroupBridge.swift in Sources */,
			);
			runOnlyForDeploymentPostprocessing = 0;
		};
		F5A3B0572C733E3400BD6C7F /* Sources */ = {
			isa = PBXSourcesBuildPhase;
			buildActionMask = 2147483647;
			files = (
				F51C38EA2C78B47A003B4EB3 /* ProfileFormView.swift in Sources */,
				F51C38DB2C775D0B003B4EB3 /* PokeDaddyView.swift in Sources */,
				F51C38D92C775CEC003B4EB3 /* NfcReader.swift in Sources */,
				F51C38E12C77DADA003B4EB3 /* ProfileManager.swift in Sources */,
				F5A3B05F2C733E3400BD6C7F /* PokeDaddyApp.swift in Sources */,
				F51C38E82C78ADB5003B4EB3 /* ProfilePicker.swift in Sources */,
				F51C38D72C775CAF003B4EB3 /* AppBlocker.swift in Sources */,
				F5A3B0AA2C94E3400BD6C7F /* AuthenticationManager.swift in Sources */,
				F5A3B0AC2C94E3500BD6C7F /* LoginView.swift in Sources */,
				F5A3B0AE2C94E3600BD6C7F /* APIService.swift in Sources */,
				6EC4249A2E7641300019E394 /* MessageComposer.swift in Sources */,
				6EC4249B2E7641300019E394 /* AppGroupBridge.swift in Sources */,
			);
			runOnlyForDeploymentPostprocessing = 0;
		};
/* End PBXSourcesBuildPhase section */

/* Begin PBXTargetDependency section */
		6EC424AB2E7641F10019E394 /* PBXTargetDependency */ = {
			isa = PBXTargetDependency;
			target = 6EC4249F2E7641F10019E394 /* PokeDaddyShieldConfiguration */;
			targetProxy = 6EC424AA2E7641F10019E394 /* PBXContainerItemProxy */;
		};
		6EC424BE2E7642270019E394 /* PBXTargetDependency */ = {
			isa = PBXTargetDependency;
			target = 6EC424B52E7642260019E394 /* PokeDaddyShieldAction */;
			targetProxy = 6EC424BD2E7642270019E394 /* PBXContainerItemProxy */;
		};
/* End PBXTargetDependency section */

/* Begin XCBuildConfiguration section */
		6EC424AF2E7641F10019E394 /* Debug */ = {
			isa = XCBuildConfiguration;
			buildSettings = {
				ASSETCATALOG_COMPILER_GENERATE_SWIFT_ASSET_SYMBOL_EXTENSIONS = YES;
				CODE_SIGN_ENTITLEMENTS = PokeDaddyShieldConfiguration/PokeDaddyShieldConfiguration.entitlements;
				CODE_SIGN_IDENTITY = "Apple Development";
				CODE_SIGN_STYLE = Automatic;
				CURRENT_PROJECT_VERSION = 1;
				DEVELOPMENT_ASSET_PATHS = "";
				DEVELOPMENT_TEAM = MJ6MS25PQX;
				GCC_C_LANGUAGE_STANDARD = gnu17;
				GENERATE_INFOPLIST_FILE = NO;
				INFOPLIST_FILE = PokeDaddyShieldConfiguration/Info.plist;
				INFOPLIST_KEY_CFBundleDisplayName = PokeDaddyShieldConfiguration;
				INFOPLIST_KEY_NSHumanReadableCopyright = "";
				IPHONEOS_DEPLOYMENT_TARGET = 18.5;
				LD_RUNPATH_SEARCH_PATHS = (
					"$(inherited)",
					"@executable_path/Frameworks",
					"@executable_path/../../Frameworks",
				);
				LOCALIZATION_PREFERS_STRING_CATALOGS = YES;
				MARKETING_VERSION = 1.0;
				PRODUCT_BUNDLE_IDENTIFIER = com.olsenbudanur.pokedaddy.PokeDaddyShieldConfiguration;
				PRODUCT_NAME = "$(TARGET_NAME)";
				SKIP_INSTALL = YES;
				SWIFT_ACTIVE_COMPILATION_CONDITIONS = "DEBUG $(inherited)";
				SWIFT_EMIT_LOC_STRINGS = YES;
				SWIFT_VERSION = 5.0;
				TARGETED_DEVICE_FAMILY = "1,2";
			};
			name = Debug;
		};
		6EC424B02E7641F10019E394 /* Release */ = {
			isa = XCBuildConfiguration;
			buildSettings = {
				ASSETCATALOG_COMPILER_GENERATE_SWIFT_ASSET_SYMBOL_EXTENSIONS = YES;
				CODE_SIGN_ENTITLEMENTS = PokeDaddyShieldConfiguration/PokeDaddyShieldConfiguration.entitlements;
				CODE_SIGN_IDENTITY = "Apple Development";
				CODE_SIGN_STYLE = Automatic;
				CURRENT_PROJECT_VERSION = 1;
				DEVELOPMENT_ASSET_PATHS = "";
				DEVELOPMENT_TEAM = MJ6MS25PQX;
				GCC_C_LANGUAGE_STANDARD = gnu17;
				GENERATE_INFOPLIST_FILE = NO;
				INFOPLIST_FILE = PokeDaddyShieldConfiguration/Info.plist;
				INFOPLIST_KEY_CFBundleDisplayName = PokeDaddyShieldConfiguration;
				INFOPLIST_KEY_NSHumanReadableCopyright = "";
				IPHONEOS_DEPLOYMENT_TARGET = 18.5;
				LD_RUNPATH_SEARCH_PATHS = (
					"$(inherited)",
					"@executable_path/Frameworks",
					"@executable_path/../../Frameworks",
				);
				LOCALIZATION_PREFERS_STRING_CATALOGS = YES;
				MARKETING_VERSION = 1.0;
				PRODUCT_BUNDLE_IDENTIFIER = com.olsenbudanur.pokedaddy.PokeDaddyShieldConfiguration;
				PRODUCT_NAME = "$(TARGET_NAME)";
				SKIP_INSTALL = YES;
				SWIFT_EMIT_LOC_STRINGS = YES;
				SWIFT_VERSION = 5.0;
				TARGETED_DEVICE_FAMILY = "1,2";
			};
			name = Release;
		};
		6EC424C22E7642270019E394 /* Debug */ = {
			isa = XCBuildConfiguration;
			buildSettings = {
				ASSETCATALOG_COMPILER_GENERATE_SWIFT_ASSET_SYMBOL_EXTENSIONS = YES;
				CODE_SIGN_ENTITLEMENTS = PokeDaddyShieldAction/PokeDaddyShieldAction.entitlements;
				CODE_SIGN_IDENTITY = "Apple Development";
				CODE_SIGN_STYLE = Automatic;
				CURRENT_PROJECT_VERSION = 1;
				DEVELOPMENT_ASSET_PATHS = "";
				DEVELOPMENT_TEAM = MJ6MS25PQX;
				GCC_C_LANGUAGE_STANDARD = gnu17;
				GENERATE_INFOPLIST_FILE = NO;
				INFOPLIST_FILE = PokeDaddyShieldAction/Info.plist;
				INFOPLIST_KEY_CFBundleDisplayName = PokeDaddyShieldAction;
				INFOPLIST_KEY_NSHumanReadableCopyright = "";
				IPHONEOS_DEPLOYMENT_TARGET = 18.5;
				LD_RUNPATH_SEARCH_PATHS = (
					"$(inherited)",
					"@executable_path/Frameworks",
					"@executable_path/../../Frameworks",
				);
				LOCALIZATION_PREFERS_STRING_CATALOGS = YES;
				MARKETING_VERSION = 1.0;
				PRODUCT_BUNDLE_IDENTIFIER = com.olsenbudanur.pokedaddy.PokeDaddyShieldAction;
				PRODUCT_NAME = "$(TARGET_NAME)";
				SKIP_INSTALL = YES;
				SWIFT_ACTIVE_COMPILATION_CONDITIONS = "DEBUG $(inherited)";
				SWIFT_EMIT_LOC_STRINGS = YES;
				SWIFT_VERSION = 5.0;
				TARGETED_DEVICE_FAMILY = "1,2";
			};
			name = Debug;
		};
		6EC424C32E7642270019E394 /* Release */ = {
			isa = XCBuildConfiguration;
			buildSettings = {
				ASSETCATALOG_COMPILER_GENERATE_SWIFT_ASSET_SYMBOL_EXTENSIONS = YES;
				CODE_SIGN_ENTITLEMENTS = PokeDaddyShieldAction/PokeDaddyShieldAction.entitlements;
				CODE_SIGN_IDENTITY = "Apple Development";
				CODE_SIGN_STYLE = Automatic;
				CURRENT_PROJECT_VERSION = 1;
				DEVELOPMENT_ASSET_PATHS = "";
				DEVELOPMENT_TEAM = MJ6MS25PQX;
				GCC_C_LANGUAGE_STANDARD = gnu17;
				GENERATE_INFOPLIST_FILE = NO;
				INFOPLIST_FILE = PokeDaddyShieldAction/Info.plist;
				INFOPLIST_KEY_CFBundleDisplayName = PokeDaddyShieldAction;
				INFOPLIST_KEY_NSHumanReadableCopyright = "";
				IPHONEOS_DEPLOYMENT_TARGET = 18.5;
				LD_RUNPATH_SEARCH_PATHS = (
					"$(inherited)",
					"@executable_path/Frameworks",
					"@executable_path/../../Frameworks",
				);
				LOCALIZATION_PREFERS_STRING_CATALOGS = YES;
				MARKETING_VERSION = 1.0;
				PRODUCT_BUNDLE_IDENTIFIER = com.olsenbudanur.pokedaddy.PokeDaddyShieldAction;
				PRODUCT_NAME = "$(TARGET_NAME)";
				SKIP_INSTALL = YES;
				SWIFT_EMIT_LOC_STRINGS = YES;
				SWIFT_VERSION = 5.0;
				TARGETED_DEVICE_FAMILY = "1,2";
			};
			name = Release;
		};
		F5A3B0672C733E3500BD6C7F /* Debug */ = {
			isa = XCBuildConfiguration;
			buildSettings = {
				ALWAYS_SEARCH_USER_PATHS = NO;
				CLANG_ANALYZER_NONNULL = YES;
				CLANG_ANALYZER_NUMBER_OBJECT_CONVERSION = YES_AGGRESSIVE;
				CLANG_CXX_LANGUAGE_STANDARD = "gnu++20";
				CLANG_ENABLE_MODULES = YES;
				CLANG_ENABLE_OBJC_ARC = YES;
				CLANG_ENABLE_OBJC_WEAK = YES;
				CLANG_WARN_BLOCK_CAPTURE_AUTORELEASING = YES;
				CLANG_WARN_BOOL_CONVERSION = YES;
				CLANG_WARN_COMMA = YES;
				CLANG_WARN_CONSTANT_CONVERSION = YES;
				CLANG_WARN_DEPRECATED_OBJC_IMPLEMENTATIONS = YES;
				CLANG_WARN_DIRECT_OBJC_ISA_USAGE = YES_ERROR;
				CLANG_WARN_DOCUMENTATION_COMMENTS = YES;
				CLANG_WARN_EMPTY_BODY = YES;
				CLANG_WARN_ENUM_CONVERSION = YES;
				CLANG_WARN_INFINITE_RECURSION = YES;
				CLANG_WARN_INT_CONVERSION = YES;
				CLANG_WARN_NON_LITERAL_NULL_CONVERSION = YES;
				CLANG_WARN_OBJC_IMPLICIT_RETAIN_SELF = YES;
				CLANG_WARN_OBJC_LITERAL_CONVERSION = YES;
				CLANG_WARN_OBJC_ROOT_CLASS = YES_ERROR;
				CLANG_WARN_QUOTED_INCLUDE_IN_FRAMEWORK_HEADER = YES;
				CLANG_WARN_RANGE_LOOP_ANALYSIS = YES;
				CLANG_WARN_STRICT_PROTOTYPES = YES;
				CLANG_WARN_SUSPICIOUS_MOVE = YES;
				CLANG_WARN_UNGUARDED_AVAILABILITY = YES_AGGRESSIVE;
				CLANG_WARN_UNREACHABLE_CODE = YES;
				CLANG_WARN__DUPLICATE_METHOD_MATCH = YES;
				COPY_PHASE_STRIP = NO;
				DEBUG_INFORMATION_FORMAT = dwarf;
				DEVELOPMENT_TEAM = MJ6MS25PQX;
				ENABLE_STRICT_OBJC_MSGSEND = YES;
				ENABLE_TESTABILITY = YES;
				ENABLE_USER_SCRIPT_SANDBOXING = YES;
				GCC_C_LANGUAGE_STANDARD = gnu11;
				GCC_DYNAMIC_NO_PIC = NO;
				GCC_NO_COMMON_BLOCKS = YES;
				GCC_OPTIMIZATION_LEVEL = 0;
				GCC_PREPROCESSOR_DEFINITIONS = (
					"DEBUG=1",
					"$(inherited)",
				);
				GCC_WARN_64_TO_32_BIT_CONVERSION = YES;
				GCC_WARN_ABOUT_RETURN_TYPE = YES_ERROR;
				GCC_WARN_UNDECLARED_SELECTOR = YES;
				GCC_WARN_UNINITIALIZED_AUTOS = YES_AGGRESSIVE;
				GCC_WARN_UNUSED_FUNCTION = YES;
				GCC_WARN_UNUSED_VARIABLE = YES;
				IPHONEOS_DEPLOYMENT_TARGET = 16.4;
				MTL_ENABLE_DEBUG_INFO = INCLUDE_SOURCE;
				MTL_FAST_MATH = YES;
				ONLY_ACTIVE_ARCH = YES;
				SDKROOT = iphoneos;
				SWIFT_ACTIVE_COMPILATION_CONDITIONS = DEBUG;
				SWIFT_OPTIMIZATION_LEVEL = "-Onone";
			};
			name = Debug;
		};
		F5A3B0682C733E3500BD6C7F /* Release */ = {
			isa = XCBuildConfiguration;
			buildSettings = {
				ALWAYS_SEARCH_USER_PATHS = NO;
				CLANG_ANALYZER_NONNULL = YES;
				CLANG_ANALYZER_NUMBER_OBJECT_CONVERSION = YES_AGGRESSIVE;
				CLANG_CXX_LANGUAGE_STANDARD = "gnu++20";
				CLANG_ENABLE_MODULES = YES;
				CLANG_ENABLE_OBJC_ARC = YES;
				CLANG_ENABLE_OBJC_WEAK = YES;
				CLANG_WARN_BLOCK_CAPTURE_AUTORELEASING = YES;
				CLANG_WARN_BOOL_CONVERSION = YES;
				CLANG_WARN_COMMA = YES;
				CLANG_WARN_CONSTANT_CONVERSION = YES;
				CLANG_WARN_DEPRECATED_OBJC_IMPLEMENTATIONS = YES;
				CLANG_WARN_DIRECT_OBJC_ISA_USAGE = YES_ERROR;
				CLANG_WARN_DOCUMENTATION_COMMENTS = YES;
				CLANG_WARN_EMPTY_BODY = YES;
				CLANG_WARN_ENUM_CONVERSION = YES;
				CLANG_WARN_INFINITE_RECURSION = YES;
				CLANG_WARN_INT_CONVERSION = YES;
				CLANG_WARN_NON_LITERAL_NULL_CONVERSION = YES;
				CLANG_WARN_OBJC_IMPLICIT_RETAIN_SELF = YES;
				CLANG_WARN_OBJC_LITERAL_CONVERSION = YES;
				CLANG_WARN_OBJC_ROOT_CLASS = YES_ERROR;
				CLANG_WARN_QUOTED_INCLUDE_IN_FRAMEWORK_HEADER = YES;
				CLANG_WARN_RANGE_LOOP_ANALYSIS = YES;
				CLANG_WARN_STRICT_PROTOTYPES = YES;
				CLANG_WARN_SUSPICIOUS_MOVE = YES;
				CLANG_WARN_UNGUARDED_AVAILABILITY = YES_AGGRESSIVE;
				CLANG_WARN_UNREACHABLE_CODE = YES;
				CLANG_WARN__DUPLICATE_METHOD_MATCH = YES;
				COPY_PHASE_STRIP = NO;
				DEBUG_INFORMATION_FORMAT = "dwarf-with-dsym";
				DEVELOPMENT_TEAM = MJ6MS25PQX;
				ENABLE_NS_ASSERTIONS = NO;
				ENABLE_STRICT_OBJC_MSGSEND = YES;
				ENABLE_USER_SCRIPT_SANDBOXING = YES;
				GCC_C_LANGUAGE_STANDARD = gnu11;
				GCC_NO_COMMON_BLOCKS = YES;
				GCC_WARN_64_TO_32_BIT_CONVERSION = YES;
				GCC_WARN_ABOUT_RETURN_TYPE = YES_ERROR;
				GCC_WARN_UNDECLARED_SELECTOR = YES;
				GCC_WARN_UNINITIALIZED_AUTOS = YES_AGGRESSIVE;
				GCC_WARN_UNUSED_FUNCTION = YES;
				GCC_WARN_UNUSED_VARIABLE = YES;
				IPHONEOS_DEPLOYMENT_TARGET = 16.4;
				MTL_ENABLE_DEBUG_INFO = NO;
				MTL_FAST_MATH = YES;
				SDKROOT = iphoneos;
				SWIFT_COMPILATION_MODE = wholemodule;
				SWIFT_OPTIMIZATION_LEVEL = "-O";
				VALIDATE_PRODUCT = YES;
			};
			name = Release;
		};
		F5A3B06A2C733E3500BD6C7F /* Debug */ = {
			isa = XCBuildConfiguration;
			buildSettings = {
				ASSETCATALOG_COMPILER_APPICON_NAME = AppIcon;
				ASSETCATALOG_COMPILER_GLOBAL_ACCENT_COLOR_NAME = AccentColor;
				CODE_SIGN_ENTITLEMENTS = PokeDaddy/PokeDaddy.entitlements;
				CODE_SIGN_IDENTITY = "Apple Development";
				CODE_SIGN_STYLE = Automatic;
				CURRENT_PROJECT_VERSION = 1;
				DEVELOPMENT_ASSET_PATHS = "";
				DEVELOPMENT_TEAM = MJ6MS25PQX;
				ENABLE_PREVIEWS = YES;
				GENERATE_INFOPLIST_FILE = NO;
				INFOPLIST_FILE = PokeDaddy/Info.plist;
				INFOPLIST_KEY_CFBundleDisplayName = "Poke Daddy";
				INFOPLIST_KEY_LSApplicationCategoryType = "public.app-category.productivity";
				INFOPLIST_KEY_NFCReaderUsageDescription = "NFC tag to read NDEF messages into the application";
				INFOPLIST_KEY_UIApplicationSceneManifest_Generation = YES;
				INFOPLIST_KEY_UIApplicationSupportsIndirectInputEvents = YES;
				INFOPLIST_KEY_UILaunchScreen_Generation = YES;
				INFOPLIST_KEY_UIRequiredDeviceCapabilities = "arm64 nfc";
				INFOPLIST_KEY_UISupportedInterfaceOrientations = UIInterfaceOrientationPortrait;
				INFOPLIST_KEY_UISupportedInterfaceOrientations_iPad = "UIInterfaceOrientationPortrait UIInterfaceOrientationPortraitUpsideDown UIInterfaceOrientationLandscapeLeft UIInterfaceOrientationLandscapeRight";
				INFOPLIST_KEY_UISupportedInterfaceOrientations_iPhone = "UIInterfaceOrientationPortrait UIInterfaceOrientationLandscapeLeft UIInterfaceOrientationLandscapeRight";
				IPHONEOS_DEPLOYMENT_TARGET = 18.5;
				LD_RUNPATH_SEARCH_PATHS = (
					"$(inherited)",
					"@executable_path/Frameworks",
				);
				MARKETING_VERSION = 1.0;
				PRODUCT_BUNDLE_IDENTIFIER = com.olsenbudanur.pokedaddy;
				PRODUCT_NAME = "$(TARGET_NAME)";
				PROVISIONING_PROFILE_SPECIFIER = "";
				SUPPORTED_PLATFORMS = "iphoneos iphonesimulator";
				SUPPORTS_MACCATALYST = NO;
				SUPPORTS_MAC_DESIGNED_FOR_IPHONE_IPAD = NO;
				SUPPORTS_XR_DESIGNED_FOR_IPHONE_IPAD = NO;
				SWIFT_EMIT_LOC_STRINGS = YES;
				SWIFT_VERSION = 5.0;
				TARGETED_DEVICE_FAMILY = 1;
			};
			name = Debug;
		};
		F5A3B06B2C733E3500BD6C7F /* Release */ = {
			isa = XCBuildConfiguration;
			buildSettings = {
				ASSETCATALOG_COMPILER_APPICON_NAME = AppIcon;
				ASSETCATALOG_COMPILER_GLOBAL_ACCENT_COLOR_NAME = AccentColor;
				CODE_SIGN_ENTITLEMENTS = PokeDaddy/PokeDaddy.entitlements;
				CODE_SIGN_IDENTITY = "Apple Development";
				CODE_SIGN_STYLE = Automatic;
				CURRENT_PROJECT_VERSION = 1;
				DEVELOPMENT_ASSET_PATHS = "";
				DEVELOPMENT_TEAM = MJ6MS25PQX;
				ENABLE_PREVIEWS = YES;
				GENERATE_INFOPLIST_FILE = NO;
				INFOPLIST_FILE = PokeDaddy/Info.plist;
				INFOPLIST_KEY_CFBundleDisplayName = "Poke Daddy";
				INFOPLIST_KEY_LSApplicationCategoryType = "public.app-category.productivity";
				INFOPLIST_KEY_NFCReaderUsageDescription = "NFC tag to read NDEF messages into the application";
				INFOPLIST_KEY_UIApplicationSceneManifest_Generation = YES;
				INFOPLIST_KEY_UIApplicationSupportsIndirectInputEvents = YES;
				INFOPLIST_KEY_UILaunchScreen_Generation = YES;
				INFOPLIST_KEY_UIRequiredDeviceCapabilities = "arm64 nfc";
				INFOPLIST_KEY_UISupportedInterfaceOrientations = UIInterfaceOrientationPortrait;
				INFOPLIST_KEY_UISupportedInterfaceOrientations_iPad = "UIInterfaceOrientationPortrait UIInterfaceOrientationPortraitUpsideDown UIInterfaceOrientationLandscapeLeft UIInterfaceOrientationLandscapeRight";
				INFOPLIST_KEY_UISupportedInterfaceOrientations_iPhone = "UIInterfaceOrientationPortrait UIInterfaceOrientationLandscapeLeft UIInterfaceOrientationLandscapeRight";
				IPHONEOS_DEPLOYMENT_TARGET = 18.5;
				LD_RUNPATH_SEARCH_PATHS = (
					"$(inherited)",
					"@executable_path/Frameworks",
				);
				MARKETING_VERSION = 1.0;
				PRODUCT_BUNDLE_IDENTIFIER = com.olsenbudanur.pokedaddy;
				PRODUCT_NAME = "$(TARGET_NAME)";
				PROVISIONING_PROFILE_SPECIFIER = "";
				SUPPORTED_PLATFORMS = "iphoneos iphonesimulator";
				SUPPORTS_MACCATALYST = NO;
				SUPPORTS_MAC_DESIGNED_FOR_IPHONE_IPAD = NO;
				SUPPORTS_XR_DESIGNED_FOR_IPHONE_IPAD = NO;
				SWIFT_EMIT_LOC_STRINGS = YES;
				SWIFT_VERSION = 5.0;
				TARGETED_DEVICE_FAMILY = 1;
			};
			name = Release;
		};
/* End XCBuildConfiguration section */

/* Begin XCConfigurationList section */
		6EC424AE2E7641F10019E394 /* Build configuration list for PBXNativeTarget "PokeDaddyShieldConfiguration" */ = {
			isa = XCConfigurationList;
			buildConfigurations = (
				6EC424AF2E7641F10019E394 /* Debug */,
				6EC424B02E7641F10019E394 /* Release */,
			);
			defaultConfigurationIsVisible = 0;
			defaultConfigurationName = Release;
		};
		6EC424C12E7642270019E394 /* Build configuration list for PBXNativeTarget "PokeDaddyShieldAction" */ = {
			isa = XCConfigurationList;
			buildConfigurations = (
				6EC424C22E7642270019E394 /* Debug */,
				6EC424C32E7642270019E394 /* Release */,
			);
			defaultConfigurationIsVisible = 0;
			defaultConfigurationName = Release;
		};
		F5A3B0562C733E3400BD6C7F /* Build configuration list for PBXProject "PokeDaddy" */ = {
			isa = XCConfigurationList;
			buildConfigurations = (
				F5A3B0672C733E3500BD6C7F /* Debug */,
				F5A3B0682C733E3500BD6C7F /* Release */,
			);
			defaultConfigurationIsVisible = 0;
			defaultConfigurationName = Release;
		};
		F5A3B0692C733E3500BD6C7F /* Build configuration list for PBXNativeTarget "PokeDaddy" */ = {
			isa = XCConfigurationList;
			buildConfigurations = (
				F5A3B06A2C733E3500BD6C7F /* Debug */,
				F5A3B06B2C733E3500BD6C7F /* Release */,
			);
			defaultConfigurationIsVisible = 0;
			defaultConfigurationName = Release;
		};
/* End XCConfigurationList section */

/* Begin XCRemoteSwiftPackageReference section */
		F51C38E22C77E847003B4EB3 /* XCRemoteSwiftPackageReference "SFSymbolsPicker" */ = {
			isa = XCRemoteSwiftPackageReference;
			repositoryURL = "https://github.com/alessiorubicini/SFSymbolsPicker";
			requirement = {
				kind = upToNextMajorVersion;
				minimumVersion = 1.0.6;
			};
		};
/* End XCRemoteSwiftPackageReference section */

/* Begin XCSwiftPackageProductDependency section */
		F51C38E32C77E847003B4EB3 /* SFSymbolsPicker */ = {
			isa = XCSwiftPackageProductDependency;
			package = F51C38E22C77E847003B4EB3 /* XCRemoteSwiftPackageReference "SFSymbolsPicker" */;
			productName = SFSymbolsPicker;
		};
/* End XCSwiftPackageProductDependency section */
	};
	rootObject = F5A3B0532C733E3400BD6C7F /* Project object */;
}
